github.com/davidbarbera/xyz_plus v1.1.1 h1:9hJulbMu88FRnVxD6K8YC0blb1qC76p9MJ+LDnol2EY=
github.com/davidbarbera/xyz_plus v1.1.1/go.mod h1:CCsBynAaOkrsor+8eAik7d8lxrGg+1+eTi6TdBcmLo4=
github.com/davidbarbera/xyz_plus v1.1.2 h1:eoe8Tmrs9Yu/B826Ew/66x0hOh8MQ39v7qrCL0ePt48=
github.com/davidbarbera/xyz_plus v1.1.2/go.mod h1:CCsBynAaOkrsor+8eAik7d8lxrGg+1+eTi6TdBcmLo4=
